
Microsoft Visual Studio Solution File, Format Version 11.00
# Visual Studio 2010
Project("{FAE04EC0-301F-11D3-BF4B-00C04F79EFBC}") = "UBE", "Assembly-CSharp.csproj", "{04C18EA6-50D0-BD12-5DB1-E28AE0F412A5}"
EndProject
Project("{FAE04EC0-301F-11D3-BF4B-00C04F79EFBC}") = "UBE", "Assembly-CSharp-Editor.csproj", "{03173BFD-DD65-3CC5-7378-9A20F3E09C21}"
EndProject
Global
	GlobalSection(SolutionConfigurationPlatforms) = preSolution
		Debug|Any CPU = Debug|Any CPU
		Release|Any CPU = Release|Any CPU
	EndGlobalSection
	GlobalSection(ProjectConfigurationPlatforms) = postSolution
		{04C18EA6-50D0-BD12-5DB1-E28AE0F412A5}.Debug|Any CPU.ActiveCfg = Debug|Any CPU
		{04C18EA6-50D0-BD12-5DB1-E28AE0F412A5}.Debug|Any CPU.Build.0 = Debug|Any CPU
		{04C18EA6-50D0-BD12-5DB1-E28AE0F412A5}.Release|Any CPU.ActiveCfg = Release|Any CPU
		{04C18EA6-50D0-BD12-5DB1-E28AE0F412A5}.Release|Any CPU.Build.0 = Release|Any CPU
		{03173BFD-DD65-3CC5-7378-9A20F3E09C21}.Debug|Any CPU.ActiveCfg = Debug|Any CPU
		{03173BFD-DD65-3CC5-7378-9A20F3E09C21}.Debug|Any CPU.Build.0 = Debug|Any CPU
		{03173BFD-DD65-3CC5-7378-9A20F3E09C21}.Release|Any CPU.ActiveCfg = Release|Any CPU
		{03173BFD-DD65-3CC5-7378-9A20F3E09C21}.Release|Any CPU.Build.0 = Release|Any CPU
	EndGlobalSection
	GlobalSection(SolutionProperties) = preSolution
		HideSolutionNode = FALSE
	EndGlobalSection
	GlobalSection(MonoDevelopProperties) = preSolution
		StartupItem = Assembly-CSharp.csproj
	EndGlobalSection
EndGlobal
